
Microsoft Visual Studio Solution File, Format Version 12.00
# Visual Studio Version 16
VisualStudioVersion = 16.0.33328.57
MinimumVisualStudioVersion = 10.0.40219.1
Project("{FAE04EC0-301F-11D3-BF4B-00C04F79EFBC}") = "MVCProject", "MVCProject.csproj", "{DC439701-9646-4B88-966A-BEEF0CE545F7}"
EndProject
Global
	GlobalSection(SolutionConfigurationPlatforms) = preSolution
		Debug|Any CPU = Debug|Any CPU
		Release|Any CPU = Release|Any CPU
	EndGlobalSection
	GlobalSection(ProjectConfigurationPlatforms) = postSolution
		{DC439701-9646-4B88-966A-BEEF0CE545F7}.Debug|Any CPU.ActiveCfg = Debug|Any CPU
		{DC439701-9646-4B88-966A-BEEF0CE545F7}.Debug|Any CPU.Build.0 = Debug|Any CPU
		{DC439701-9646-4B88-966A-BEEF0CE545F7}.Release|Any CPU.ActiveCfg = Release|Any CPU
		{DC439701-9646-4B88-966A-BEEF0CE545F7}.Release|Any CPU.Build.0 = Release|Any CPU
	EndGlobalSection
	GlobalSection(SolutionProperties) = preSolution
		HideSolutionNode = FALSE
	EndGlobalSection
	GlobalSection(ExtensibilityGlobals) = postSolution
		SolutionGuid = {16C4E40B-C56D-4B69-BFB7-F00366531E88}
	EndGlobalSection
EndGlobal
