
Microsoft Visual Studio Solution File, Format Version 12.00
# Visual Studio Version 16
VisualStudioVersion = 16.0.33328.57
MinimumVisualStudioVersion = 10.0.40219.1
Project("{FAE04EC0-301F-11D3-BF4B-00C04F79EFBC}") = "MVCApplication", "MVCApplication\MVCApplication.csproj", "{B30CF376-96DA-433D-9B6C-004A0F85A7EF}"
EndProject
Project("{FAE04EC0-301F-11D3-BF4B-00C04F79EFBC}") = "MVCApplication.DataAccessLayer", "MVCApplication.DataAccessLayer\MVCApplication.DataAccessLayer.csproj", "{B5AF7D2A-BCA9-4794-B6F0-84FCB691046A}"
EndProject
Global
	GlobalSection(SolutionConfigurationPlatforms) = preSolution
		Debug|Any CPU = Debug|Any CPU
		Release|Any CPU = Release|Any CPU
	EndGlobalSection
	GlobalSection(ProjectConfigurationPlatforms) = postSolution
		{B30CF376-96DA-433D-9B6C-004A0F85A7EF}.Debug|Any CPU.ActiveCfg = Debug|Any CPU
		{B30CF376-96DA-433D-9B6C-004A0F85A7EF}.Debug|Any CPU.Build.0 = Debug|Any CPU
		{B30CF376-96DA-433D-9B6C-004A0F85A7EF}.Release|Any CPU.ActiveCfg = Release|Any CPU
		{B30CF376-96DA-433D-9B6C-004A0F85A7EF}.Release|Any CPU.Build.0 = Release|Any CPU
		{B5AF7D2A-BCA9-4794-B6F0-84FCB691046A}.Debug|Any CPU.ActiveCfg = Debug|Any CPU
		{B5AF7D2A-BCA9-4794-B6F0-84FCB691046A}.Debug|Any CPU.Build.0 = Debug|Any CPU
		{B5AF7D2A-BCA9-4794-B6F0-84FCB691046A}.Release|Any CPU.ActiveCfg = Release|Any CPU
		{B5AF7D2A-BCA9-4794-B6F0-84FCB691046A}.Release|Any CPU.Build.0 = Release|Any CPU
	EndGlobalSection
	GlobalSection(SolutionProperties) = preSolution
		HideSolutionNode = FALSE
	EndGlobalSection
	GlobalSection(ExtensibilityGlobals) = postSolution
		SolutionGuid = {11BD246F-D0C6-4E50-BE5F-22DA4B92641D}
	EndGlobalSection
EndGlobal
